
Microsoft Visual Studio Solution File, Format Version 12.00
# Visual Studio Version 16
VisualStudioVersion = 16.0.29503.13
MinimumVisualStudioVersion = 10.0.40219.1
Project("{FAE04EC0-301F-11D3-BF4B-00C04F79EFBC}") = "PcmSilenceDetection", "PcmSilenceDetection\PcmSilenceDetection.csproj", "{E0D1C3A3-7BE0-4C94-9E72-29C27B719A45}"
EndProject
Project("{FAE04EC0-301F-11D3-BF4B-00C04F79EFBC}") = "SilenceDetection", "SilenceDetection\SilenceDetection.csproj", "{50CCAB13-0E93-48F4-B524-02AC36888EAA}"
EndProject
Project("{FAE04EC0-301F-11D3-BF4B-00C04F79EFBC}") = "TestSilenceDetection", "TestSilenceDetection\TestSilenceDetection.csproj", "{8B929682-200F-476A-B23D-3EA7BEEFEA1A}"
EndProject
Global
	GlobalSection(SolutionConfigurationPlatforms) = preSolution
		Debug|Any CPU = Debug|Any CPU
		Release|Any CPU = Release|Any CPU
	EndGlobalSection
	GlobalSection(ProjectConfigurationPlatforms) = postSolution
		{E0D1C3A3-7BE0-4C94-9E72-29C27B719A45}.Debug|Any CPU.ActiveCfg = Debug|Any CPU
		{E0D1C3A3-7BE0-4C94-9E72-29C27B719A45}.Debug|Any CPU.Build.0 = Debug|Any CPU
		{E0D1C3A3-7BE0-4C94-9E72-29C27B719A45}.Release|Any CPU.ActiveCfg = Release|Any CPU
		{E0D1C3A3-7BE0-4C94-9E72-29C27B719A45}.Release|Any CPU.Build.0 = Release|Any CPU
		{50CCAB13-0E93-48F4-B524-02AC36888EAA}.Debug|Any CPU.ActiveCfg = Debug|Any CPU
		{50CCAB13-0E93-48F4-B524-02AC36888EAA}.Debug|Any CPU.Build.0 = Debug|Any CPU
		{50CCAB13-0E93-48F4-B524-02AC36888EAA}.Release|Any CPU.ActiveCfg = Release|Any CPU
		{50CCAB13-0E93-48F4-B524-02AC36888EAA}.Release|Any CPU.Build.0 = Release|Any CPU
		{8B929682-200F-476A-B23D-3EA7BEEFEA1A}.Debug|Any CPU.ActiveCfg = Debug|Any CPU
		{8B929682-200F-476A-B23D-3EA7BEEFEA1A}.Debug|Any CPU.Build.0 = Debug|Any CPU
		{8B929682-200F-476A-B23D-3EA7BEEFEA1A}.Release|Any CPU.ActiveCfg = Release|Any CPU
		{8B929682-200F-476A-B23D-3EA7BEEFEA1A}.Release|Any CPU.Build.0 = Release|Any CPU
	EndGlobalSection
	GlobalSection(SolutionProperties) = preSolution
		HideSolutionNode = FALSE
	EndGlobalSection
	GlobalSection(ExtensibilityGlobals) = postSolution
		SolutionGuid = {73420590-C21D-460E-9FFD-04D8E568A5CF}
	EndGlobalSection
EndGlobal
